
Microsoft Visual Studio Solution File, Format Version 11.00
# Visual Studio 2010
Project("{FAE04EC0-301F-11D3-BF4B-00C04F79EFBC}") = "CleanText", "CleanText.csproj", "{D92433BE-0CEA-4021-A559-9097AA0CB5DA}"
EndProject
Global
	GlobalSection(SolutionConfigurationPlatforms) = preSolution
		Debug|x86 = Debug|x86
		Release|x86 = Release|x86
	EndGlobalSection
	GlobalSection(ProjectConfigurationPlatforms) = postSolution
		{D92433BE-0CEA-4021-A559-9097AA0CB5DA}.Debug|x86.ActiveCfg = Debug|x86
		{D92433BE-0CEA-4021-A559-9097AA0CB5DA}.Debug|x86.Build.0 = Debug|x86
		{D92433BE-0CEA-4021-A559-9097AA0CB5DA}.Release|x86.ActiveCfg = Release|x86
		{D92433BE-0CEA-4021-A559-9097AA0CB5DA}.Release|x86.Build.0 = Release|x86
	EndGlobalSection
	GlobalSection(SolutionProperties) = preSolution
		HideSolutionNode = FALSE
	EndGlobalSection
EndGlobal
